
Microsoft Visual Studio Solution File, Format Version 12.00
# Visual Studio Version 17
VisualStudioVersion = 17.1.32228.430
MinimumVisualStudioVersion = 10.0.40219.1
Project("{FAE04EC0-301F-11D3-BF4B-00C04F79EFBC}") = "SimplePondresAPI", "SimplePondresAPI\SimplePondresAPI.csproj", "{6D2FEAED-7367-4197-A72A-D17852F227D1}"
EndProject
Global
	GlobalSection(SolutionConfigurationPlatforms) = preSolution
		Debug|Any CPU = Debug|Any CPU
		Release|Any CPU = Release|Any CPU
	EndGlobalSection
	GlobalSection(ProjectConfigurationPlatforms) = postSolution
		{6D2FEAED-7367-4197-A72A-D17852F227D1}.Debug|Any CPU.ActiveCfg = Debug|Any CPU
		{6D2FEAED-7367-4197-A72A-D17852F227D1}.Debug|Any CPU.Build.0 = Debug|Any CPU
		{6D2FEAED-7367-4197-A72A-D17852F227D1}.Release|Any CPU.ActiveCfg = Release|Any CPU
		{6D2FEAED-7367-4197-A72A-D17852F227D1}.Release|Any CPU.Build.0 = Release|Any CPU
	EndGlobalSection
	GlobalSection(SolutionProperties) = preSolution
		HideSolutionNode = FALSE
	EndGlobalSection
	GlobalSection(ExtensibilityGlobals) = postSolution
		SolutionGuid = {636D9834-3504-4D39-AC28-069F6E47725E}
	EndGlobalSection
EndGlobal
